
Microsoft Visual Studio Solution File, Format Version 12.00
# Visual Studio Version 17
VisualStudioVersion = 17.5.002.0
MinimumVisualStudioVersion = 10.0.40219.1
Project("{2150E333-8FDC-42A3-9474-1A3956D46DE8}") = "csharp-prep", "csharp-prep", "{2A4DAE54-BC3F-46EF-A213-5BE35139B4C5}"
EndProject
Project("{9A19103F-16F7-4668-BE54-9A1E7A4F7556}") = "Prep1", "csharp-prep\Prep1\Prep1.csproj", "{70EB5ADE-7EF9-415D-8E95-68859B88FF20}"
EndProject
Project("{9A19103F-16F7-4668-BE54-9A1E7A4F7556}") = "Prep2", "csharp-prep\Prep2\Prep2.csproj", "{53B7817F-0D04-4877-A56C-A564E4624EF2}"
EndProject
Project("{9A19103F-16F7-4668-BE54-9A1E7A4F7556}") = "Prep3", "csharp-prep\Prep3\Prep3.csproj", "{F88042AE-08D3-475A-9939-0D8C16DD9AAB}"
EndProject
Project("{9A19103F-16F7-4668-BE54-9A1E7A4F7556}") = "Prep4", "csharp-prep\Prep4\Prep4.csproj", "{E926DEC8-C51F-41C7-AEF7-6930FD29FA47}"
EndProject
Project("{9A19103F-16F7-4668-BE54-9A1E7A4F7556}") = "Prep5", "csharp-prep\Prep5\Prep5.csproj", "{9B10CA1C-8ADC-41C4-9F54-541CCBCF288D}"
EndProject
Project("{2150E333-8FDC-42A3-9474-1A3956D46DE8}") = "final", "final", "{1DEB8B10-C84A-41EB-BDF3-8D042E037A7F}"
EndProject
Project("{9A19103F-16F7-4668-BE54-9A1E7A4F7556}") = "FinalProject", "final\FinalProject\FinalProject.csproj", "{00BB5337-E4B9-461A-89BB-3BC3CE873F6B}"
EndProject
Project("{9A19103F-16F7-4668-BE54-9A1E7A4F7556}") = "Foundation1", "final\Foundation1\Foundation1.csproj", "{EB4E1FD8-A818-4A76-8F93-982116262DE0}"
EndProject
Project("{9A19103F-16F7-4668-BE54-9A1E7A4F7556}") = "Foundation2", "final\Foundation2\Foundation2.csproj", "{D60955D1-ABAC-4FB1-83E2-B1CCD0D1D59F}"
EndProject
Project("{9A19103F-16F7-4668-BE54-9A1E7A4F7556}") = "Foundation3", "final\Foundation3\Foundation3.csproj", "{CA2BEBB4-F398-4CFD-8F35-093F073A24CD}"
EndProject
Project("{9A19103F-16F7-4668-BE54-9A1E7A4F7556}") = "Foundation4", "final\Foundation4\Foundation4.csproj", "{3A3913B6-087B-43CF-B57F-C66AC66EB51F}"
EndProject
Project("{2150E333-8FDC-42A3-9474-1A3956D46DE8}") = "prepare", "prepare", "{DE0B0C42-BF56-401D-9A6E-AE87FC46F371}"
EndProject
Project("{9A19103F-16F7-4668-BE54-9A1E7A4F7556}") = "Learning02", "prepare\Learning02\Learning02.csproj", "{1B5D02A8-C054-40F4-99AC-D2BB96F6472E}"
EndProject
Project("{9A19103F-16F7-4668-BE54-9A1E7A4F7556}") = "Learning03", "prepare\Learning03\Learning03.csproj", "{B1743132-3534-4745-BBDF-68A6278B074B}"
EndProject
Project("{9A19103F-16F7-4668-BE54-9A1E7A4F7556}") = "Learning04", "prepare\Learning04\Learning04.csproj", "{FBA3CE4C-6D9C-4682-B093-4D47BA5F213D}"
EndProject
Project("{9A19103F-16F7-4668-BE54-9A1E7A4F7556}") = "Learning05", "prepare\Learning05\Learning05.csproj", "{0C9064B6-2F84-4BB6-A08D-F111FF71D57B}"
EndProject
Project("{2150E333-8FDC-42A3-9474-1A3956D46DE8}") = "prove", "prove", "{8052D002-811E-4E0C-AFCB-E297FA758EB6}"
EndProject
Project("{9A19103F-16F7-4668-BE54-9A1E7A4F7556}") = "Develop02", "prove\Develop02\Develop02.csproj", "{49E02D54-4B28-4650-9E8E-D0ADEA828856}"
EndProject
Project("{9A19103F-16F7-4668-BE54-9A1E7A4F7556}") = "Develop03", "prove\Develop03\Develop03.csproj", "{D3F1F789-692E-483D-89D5-B6C2954BBC6A}"
EndProject
Project("{9A19103F-16F7-4668-BE54-9A1E7A4F7556}") = "Develop04", "prove\Develop04\Develop04.csproj", "{A1DC0A19-1BE7-48D5-9B70-6BE370D95127}"
EndProject
Project("{9A19103F-16F7-4668-BE54-9A1E7A4F7556}") = "Develop05", "prove\Develop05\Develop05.csproj", "{914A746F-7BF5-46F9-94A4-B150163040C2}"
EndProject
Project("{2150E333-8FDC-42A3-9474-1A3956D46DE8}") = "sandbox", "sandbox", "{064AED99-2651-402F-B674-252B4C66F9FD}"
EndProject
Project("{9A19103F-16F7-4668-BE54-9A1E7A4F7556}") = "Sandbox", "sandbox\Sandbox\Sandbox.csproj", "{6E58A317-61D5-4991-B482-B2033C6395CE}"
EndProject
Global
	GlobalSection(SolutionConfigurationPlatforms) = preSolution
		Debug|Any CPU = Debug|Any CPU
		Release|Any CPU = Release|Any CPU
	EndGlobalSection
	GlobalSection(ProjectConfigurationPlatforms) = postSolution
		{70EB5ADE-7EF9-415D-8E95-68859B88FF20}.Debug|Any CPU.ActiveCfg = Debug|Any CPU
		{70EB5ADE-7EF9-415D-8E95-68859B88FF20}.Debug|Any CPU.Build.0 = Debug|Any CPU
		{70EB5ADE-7EF9-415D-8E95-68859B88FF20}.Release|Any CPU.ActiveCfg = Release|Any CPU
		{70EB5ADE-7EF9-415D-8E95-68859B88FF20}.Release|Any CPU.Build.0 = Release|Any CPU
		{53B7817F-0D04-4877-A56C-A564E4624EF2}.Debug|Any CPU.ActiveCfg = Debug|Any CPU
		{53B7817F-0D04-4877-A56C-A564E4624EF2}.Debug|Any CPU.Build.0 = Debug|Any CPU
		{53B7817F-0D04-4877-A56C-A564E4624EF2}.Release|Any CPU.ActiveCfg = Release|Any CPU
		{53B7817F-0D04-4877-A56C-A564E4624EF2}.Release|Any CPU.Build.0 = Release|Any CPU
		{F88042AE-08D3-475A-9939-0D8C16DD9AAB}.Debug|Any CPU.ActiveCfg = Debug|Any CPU
		{F88042AE-08D3-475A-9939-0D8C16DD9AAB}.Debug|Any CPU.Build.0 = Debug|Any CPU
		{F88042AE-08D3-475A-9939-0D8C16DD9AAB}.Release|Any CPU.ActiveCfg = Release|Any CPU
		{F88042AE-08D3-475A-9939-0D8C16DD9AAB}.Release|Any CPU.Build.0 = Release|Any CPU
		{E926DEC8-C51F-41C7-AEF7-6930FD29FA47}.Debug|Any CPU.ActiveCfg = Debug|Any CPU
		{E926DEC8-C51F-41C7-AEF7-6930FD29FA47}.Debug|Any CPU.Build.0 = Debug|Any CPU
		{E926DEC8-C51F-41C7-AEF7-6930FD29FA47}.Release|Any CPU.ActiveCfg = Release|Any CPU
		{E926DEC8-C51F-41C7-AEF7-6930FD29FA47}.Release|Any CPU.Build.0 = Release|Any CPU
		{9B10CA1C-8ADC-41C4-9F54-541CCBCF288D}.Debug|Any CPU.ActiveCfg = Debug|Any CPU
		{9B10CA1C-8ADC-41C4-9F54-541CCBCF288D}.Debug|Any CPU.Build.0 = Debug|Any CPU
		{9B10CA1C-8ADC-41C4-9F54-541CCBCF288D}.Release|Any CPU.ActiveCfg = Release|Any CPU
		{9B10CA1C-8ADC-41C4-9F54-541CCBCF288D}.Release|Any CPU.Build.0 = Release|Any CPU
		{00BB5337-E4B9-461A-89BB-3BC3CE873F6B}.Debug|Any CPU.ActiveCfg = Debug|Any CPU
		{00BB5337-E4B9-461A-89BB-3BC3CE873F6B}.Debug|Any CPU.Build.0 = Debug|Any CPU
		{00BB5337-E4B9-461A-89BB-3BC3CE873F6B}.Release|Any CPU.ActiveCfg = Release|Any CPU
		{00BB5337-E4B9-461A-89BB-3BC3CE873F6B}.Release|Any CPU.Build.0 = Release|Any CPU
		{EB4E1FD8-A818-4A76-8F93-982116262DE0}.Debug|Any CPU.ActiveCfg = Debug|Any CPU
		{EB4E1FD8-A818-4A76-8F93-982116262DE0}.Debug|Any CPU.Build.0 = Debug|Any CPU
		{EB4E1FD8-A818-4A76-8F93-982116262DE0}.Release|Any CPU.ActiveCfg = Release|Any CPU
		{EB4E1FD8-A818-4A76-8F93-982116262DE0}.Release|Any CPU.Build.0 = Release|Any CPU
		{D60955D1-ABAC-4FB1-83E2-B1CCD0D1D59F}.Debug|Any CPU.ActiveCfg = Debug|Any CPU
		{D60955D1-ABAC-4FB1-83E2-B1CCD0D1D59F}.Debug|Any CPU.Build.0 = Debug|Any CPU
		{D60955D1-ABAC-4FB1-83E2-B1CCD0D1D59F}.Release|Any CPU.ActiveCfg = Release|Any CPU
		{D60955D1-ABAC-4FB1-83E2-B1CCD0D1D59F}.Release|Any CPU.Build.0 = Release|Any CPU
		{CA2BEBB4-F398-4CFD-8F35-093F073A24CD}.Debug|Any CPU.ActiveCfg = Debug|Any CPU
		{CA2BEBB4-F398-4CFD-8F35-093F073A24CD}.Debug|Any CPU.Build.0 = Debug|Any CPU
		{CA2BEBB4-F398-4CFD-8F35-093F073A24CD}.Release|Any CPU.ActiveCfg = Release|Any CPU
		{CA2BEBB4-F398-4CFD-8F35-093F073A24CD}.Release|Any CPU.Build.0 = Release|Any CPU
		{3A3913B6-087B-43CF-B57F-C66AC66EB51F}.Debug|Any CPU.ActiveCfg = Debug|Any CPU
		{3A3913B6-087B-43CF-B57F-C66AC66EB51F}.Debug|Any CPU.Build.0 = Debug|Any CPU
		{3A3913B6-087B-43CF-B57F-C66AC66EB51F}.Release|Any CPU.ActiveCfg = Release|Any CPU
		{3A3913B6-087B-43CF-B57F-C66AC66EB51F}.Release|Any CPU.Build.0 = Release|Any CPU
		{1B5D02A8-C054-40F4-99AC-D2BB96F6472E}.Debug|Any CPU.ActiveCfg = Debug|Any CPU
		{1B5D02A8-C054-40F4-99AC-D2BB96F6472E}.Debug|Any CPU.Build.0 = Debug|Any CPU
		{1B5D02A8-C054-40F4-99AC-D2BB96F6472E}.Release|Any CPU.ActiveCfg = Release|Any CPU
		{1B5D02A8-C054-40F4-99AC-D2BB96F6472E}.Release|Any CPU.Build.0 = Release|Any CPU
		{B1743132-3534-4745-BBDF-68A6278B074B}.Debug|Any CPU.ActiveCfg = Debug|Any CPU
		{B1743132-3534-4745-BBDF-68A6278B074B}.Debug|Any CPU.Build.0 = Debug|Any CPU
		{B1743132-3534-4745-BBDF-68A6278B074B}.Release|Any CPU.ActiveCfg = Release|Any CPU
		{B1743132-3534-4745-BBDF-68A6278B074B}.Release|Any CPU.Build.0 = Release|Any CPU
		{FBA3CE4C-6D9C-4682-B093-4D47BA5F213D}.Debug|Any CPU.ActiveCfg = Debug|Any CPU
		{FBA3CE4C-6D9C-4682-B093-4D47BA5F213D}.Debug|Any CPU.Build.0 = Debug|Any CPU
		{FBA3CE4C-6D9C-4682-B093-4D47BA5F213D}.Release|Any CPU.ActiveCfg = Release|Any CPU
		{FBA3CE4C-6D9C-4682-B093-4D47BA5F213D}.Release|Any CPU.Build.0 = Release|Any CPU
		{0C9064B6-2F84-4BB6-A08D-F111FF71D57B}.Debug|Any CPU.ActiveCfg = Debug|Any CPU
		{0C9064B6-2F84-4BB6-A08D-F111FF71D57B}.Debug|Any CPU.Build.0 = Debug|Any CPU
		{0C9064B6-2F84-4BB6-A08D-F111FF71D57B}.Release|Any CPU.ActiveCfg = Release|Any CPU
		{0C9064B6-2F84-4BB6-A08D-F111FF71D57B}.Release|Any CPU.Build.0 = Release|Any CPU
		{49E02D54-4B28-4650-9E8E-D0ADEA828856}.Debug|Any CPU.ActiveCfg = Debug|Any CPU
		{49E02D54-4B28-4650-9E8E-D0ADEA828856}.Debug|Any CPU.Build.0 = Debug|Any CPU
		{49E02D54-4B28-4650-9E8E-D0ADEA828856}.Release|Any CPU.ActiveCfg = Release|Any CPU
		{49E02D54-4B28-4650-9E8E-D0ADEA828856}.Release|Any CPU.Build.0 = Release|Any CPU
		{D3F1F789-692E-483D-89D5-B6C2954BBC6A}.Debug|Any CPU.ActiveCfg = Debug|Any CPU
		{D3F1F789-692E-483D-89D5-B6C2954BBC6A}.Debug|Any CPU.Build.0 = Debug|Any CPU
		{D3F1F789-692E-483D-89D5-B6C2954BBC6A}.Release|Any CPU.ActiveCfg = Release|Any CPU
		{D3F1F789-692E-483D-89D5-B6C2954BBC6A}.Release|Any CPU.Build.0 = Release|Any CPU
		{A1DC0A19-1BE7-48D5-9B70-6BE370D95127}.Debug|Any CPU.ActiveCfg = Debug|Any CPU
		{A1DC0A19-1BE7-48D5-9B70-6BE370D95127}.Debug|Any CPU.Build.0 = Debug|Any CPU
		{A1DC0A19-1BE7-48D5-9B70-6BE370D95127}.Release|Any CPU.ActiveCfg = Release|Any CPU
		{A1DC0A19-1BE7-48D5-9B70-6BE370D95127}.Release|Any CPU.Build.0 = Release|Any CPU
		{914A746F-7BF5-46F9-94A4-B150163040C2}.Debug|Any CPU.ActiveCfg = Debug|Any CPU
		{914A746F-7BF5-46F9-94A4-B150163040C2}.Debug|Any CPU.Build.0 = Debug|Any CPU
		{914A746F-7BF5-46F9-94A4-B150163040C2}.Release|Any CPU.ActiveCfg = Release|Any CPU
		{914A746F-7BF5-46F9-94A4-B150163040C2}.Release|Any CPU.Build.0 = Release|Any CPU
		{6E58A317-61D5-4991-B482-B2033C6395CE}.Debug|Any CPU.ActiveCfg = Debug|Any CPU
		{6E58A317-61D5-4991-B482-B2033C6395CE}.Debug|Any CPU.Build.0 = Debug|Any CPU
		{6E58A317-61D5-4991-B482-B2033C6395CE}.Release|Any CPU.ActiveCfg = Release|Any CPU
		{6E58A317-61D5-4991-B482-B2033C6395CE}.Release|Any CPU.Build.0 = Release|Any CPU
	EndGlobalSection
	GlobalSection(SolutionProperties) = preSolution
		HideSolutionNode = FALSE
	EndGlobalSection
	GlobalSection(NestedProjects) = preSolution
		{70EB5ADE-7EF9-415D-8E95-68859B88FF20} = {2A4DAE54-BC3F-46EF-A213-5BE35139B4C5}
		{53B7817F-0D04-4877-A56C-A564E4624EF2} = {2A4DAE54-BC3F-46EF-A213-5BE35139B4C5}
		{F88042AE-08D3-475A-9939-0D8C16DD9AAB} = {2A4DAE54-BC3F-46EF-A213-5BE35139B4C5}
		{E926DEC8-C51F-41C7-AEF7-6930FD29FA47} = {2A4DAE54-BC3F-46EF-A213-5BE35139B4C5}
		{9B10CA1C-8ADC-41C4-9F54-541CCBCF288D} = {2A4DAE54-BC3F-46EF-A213-5BE35139B4C5}
		{00BB5337-E4B9-461A-89BB-3BC3CE873F6B} = {1DEB8B10-C84A-41EB-BDF3-8D042E037A7F}
		{EB4E1FD8-A818-4A76-8F93-982116262DE0} = {1DEB8B10-C84A-41EB-BDF3-8D042E037A7F}
		{D60955D1-ABAC-4FB1-83E2-B1CCD0D1D59F} = {1DEB8B10-C84A-41EB-BDF3-8D042E037A7F}
		{CA2BEBB4-F398-4CFD-8F35-093F073A24CD} = {1DEB8B10-C84A-41EB-BDF3-8D042E037A7F}
		{3A3913B6-087B-43CF-B57F-C66AC66EB51F} = {1DEB8B10-C84A-41EB-BDF3-8D042E037A7F}
		{1B5D02A8-C054-40F4-99AC-D2BB96F6472E} = {DE0B0C42-BF56-401D-9A6E-AE87FC46F371}
		{B1743132-3534-4745-BBDF-68A6278B074B} = {DE0B0C42-BF56-401D-9A6E-AE87FC46F371}
		{FBA3CE4C-6D9C-4682-B093-4D47BA5F213D} = {DE0B0C42-BF56-401D-9A6E-AE87FC46F371}
		{0C9064B6-2F84-4BB6-A08D-F111FF71D57B} = {DE0B0C42-BF56-401D-9A6E-AE87FC46F371}
		{49E02D54-4B28-4650-9E8E-D0ADEA828856} = {8052D002-811E-4E0C-AFCB-E297FA758EB6}
		{D3F1F789-692E-483D-89D5-B6C2954BBC6A} = {8052D002-811E-4E0C-AFCB-E297FA758EB6}
		{A1DC0A19-1BE7-48D5-9B70-6BE370D95127} = {8052D002-811E-4E0C-AFCB-E297FA758EB6}
		{914A746F-7BF5-46F9-94A4-B150163040C2} = {8052D002-811E-4E0C-AFCB-E297FA758EB6}
		{6E58A317-61D5-4991-B482-B2033C6395CE} = {064AED99-2651-402F-B674-252B4C66F9FD}
	EndGlobalSection
	GlobalSection(ExtensibilityGlobals) = postSolution
		SolutionGuid = {5ACD2EE8-0C78-42AE-B8DE-71E0A01F8FD1}
	EndGlobalSection
EndGlobal
